
Microsoft Visual Studio Solution File, Format Version 12.00
# Visual Studio Version 16
VisualStudioVersion = 16.0.31410.357
MinimumVisualStudioVersion = 10.0.40219.1
Project("{FAE04EC0-301F-11D3-BF4B-00C04F79EFBC}") = "01-Configuration", "01-Configuration\01-Configuration.csproj", "{893E18CC-807E-4C0E-A8B0-24FADCFA0739}"
EndProject
Global
	GlobalSection(SolutionConfigurationPlatforms) = preSolution
		Debug|Any CPU = Debug|Any CPU
		Release|Any CPU = Release|Any CPU
	EndGlobalSection
	GlobalSection(ProjectConfigurationPlatforms) = postSolution
		{893E18CC-807E-4C0E-A8B0-24FADCFA0739}.Debug|Any CPU.ActiveCfg = Debug|Any CPU
		{893E18CC-807E-4C0E-A8B0-24FADCFA0739}.Debug|Any CPU.Build.0 = Debug|Any CPU
		{893E18CC-807E-4C0E-A8B0-24FADCFA0739}.Release|Any CPU.ActiveCfg = Release|Any CPU
		{893E18CC-807E-4C0E-A8B0-24FADCFA0739}.Release|Any CPU.Build.0 = Release|Any CPU
	EndGlobalSection
	GlobalSection(SolutionProperties) = preSolution
		HideSolutionNode = FALSE
	EndGlobalSection
	GlobalSection(ExtensibilityGlobals) = postSolution
		SolutionGuid = {F6B069FC-5DD3-480D-A3C8-FF1C45E115E5}
	EndGlobalSection
EndGlobal
